
Microsoft Visual Studio Solution File, Format Version 11.00
# Visual Studio 2010
Project("{FAE04EC0-301F-11D3-BF4B-00C04F79EFBC}") = "Assembly-CSharp", "Assembly-CSharp.csproj", "{3ea33b0d-2543-be2d-c90a-2ca73350bf96}"
EndProject
Project("{FAE04EC0-301F-11D3-BF4B-00C04F79EFBC}") = "Assembly-CSharp-Editor", "Assembly-CSharp-Editor.csproj", "{1ffb6b52-f629-5b23-1130-e93ac630108b}"
EndProject
Global
	GlobalSection(SolutionConfigurationPlatforms) = preSolution
		Debug|Any CPU = Debug|Any CPU
	EndGlobalSection
	GlobalSection(ProjectConfigurationPlatforms) = postSolution
		{3ea33b0d-2543-be2d-c90a-2ca73350bf96}.Debug|Any CPU.ActiveCfg = Debug|Any CPU
		{3ea33b0d-2543-be2d-c90a-2ca73350bf96}.Debug|Any CPU.Build.0 = Debug|Any CPU
		{1ffb6b52-f629-5b23-1130-e93ac630108b}.Debug|Any CPU.ActiveCfg = Debug|Any CPU
		{1ffb6b52-f629-5b23-1130-e93ac630108b}.Debug|Any CPU.Build.0 = Debug|Any CPU
	EndGlobalSection
	GlobalSection(SolutionProperties) = preSolution
		HideSolutionNode = FALSE
	EndGlobalSection
EndGlobal
